
Microsoft Visual Studio Solution File, Format Version 12.00
# Visual Studio 15
VisualStudioVersion = 15.0.27130.2026
MinimumVisualStudioVersion = 10.0.40219.1
Project("{8BC9CEB8-8B4A-11D0-8D11-00A0C91BC942}") = "LPG_Services", "LPG_Services\LPG_Services.vcxproj", "{CB1A101D-433D-46F4-B96A-AFB5D66BFE7B}"
EndProject
Global
	GlobalSection(SolutionConfigurationPlatforms) = preSolution
		Debug|x64 = Debug|x64
		Debug|x86 = Debug|x86
		Release|x64 = Release|x64
		Release|x86 = Release|x86
	EndGlobalSection
	GlobalSection(ProjectConfigurationPlatforms) = postSolution
		{CB1A101D-433D-46F4-B96A-AFB5D66BFE7B}.Debug|x64.ActiveCfg = Debug|x64
		{CB1A101D-433D-46F4-B96A-AFB5D66BFE7B}.Debug|x64.Build.0 = Debug|x64
		{CB1A101D-433D-46F4-B96A-AFB5D66BFE7B}.Debug|x86.ActiveCfg = Debug|Win32
		{CB1A101D-433D-46F4-B96A-AFB5D66BFE7B}.Debug|x86.Build.0 = Debug|Win32
		{CB1A101D-433D-46F4-B96A-AFB5D66BFE7B}.Release|x64.ActiveCfg = Release|x64
		{CB1A101D-433D-46F4-B96A-AFB5D66BFE7B}.Release|x64.Build.0 = Release|x64
		{CB1A101D-433D-46F4-B96A-AFB5D66BFE7B}.Release|x86.ActiveCfg = Release|Win32
		{CB1A101D-433D-46F4-B96A-AFB5D66BFE7B}.Release|x86.Build.0 = Release|Win32
	EndGlobalSection
	GlobalSection(SolutionProperties) = preSolution
		HideSolutionNode = FALSE
	EndGlobalSection
	GlobalSection(ExtensibilityGlobals) = postSolution
		SolutionGuid = {8FC95502-404A-4F7E-8D91-DAC12720A12B}
	EndGlobalSection
EndGlobal
